<Solution>
  <Folder Name="/Solution Items/">
    <File Path="Directory.Build.props" />
  </Folder>
  <Project Path="Bcl.Runtime/Bcl.Runtime.csproj" />
  <Project Path="Bcl.RuntimeUnsafe/Bcl.RuntimeUnsafe.csproj" />
  <Project Path="netstandard/netstandard.csproj" />
  <Project Path="System.Runtime.CompilerServices/System.Runtime.CompilerServices.Unsafe.csproj" />
</Solution>